
Microsoft Visual Studio Solution File, Format Version 12.00
# Visual Studio Version 17
VisualStudioVersion = 17.13.35825.156
MinimumVisualStudioVersion = 10.0.40219.1
Project("{FAE04EC0-301F-11D3-BF4B-00C04F79EFBC}") = "AM.console", "AM.console\AM.console.csproj", "{C6ACF2DA-98A2-4AFD-A00C-331C7BB2EF7B}"
EndProject
Project("{FAE04EC0-301F-11D3-BF4B-00C04F79EFBC}") = "Am.ApplicationCore", "Am.ApplicationCore\Am.ApplicationCore.csproj", "{6D49C668-600B-48AE-8C20-C048B442FC37}"
EndProject
Project("{FAE04EC0-301F-11D3-BF4B-00C04F79EFBC}") = "AM.Infrastructure", "AM.Infrastructure\AM.Infrastructure.csproj", "{0CB4E1E3-493B-4E56-9CC7-2868C46AD141}"
EndProject
Global
	GlobalSection(SolutionConfigurationPlatforms) = preSolution
		Debug|Any CPU = Debug|Any CPU
		Release|Any CPU = Release|Any CPU
	EndGlobalSection
	GlobalSection(ProjectConfigurationPlatforms) = postSolution
		{C6ACF2DA-98A2-4AFD-A00C-331C7BB2EF7B}.Debug|Any CPU.ActiveCfg = Debug|Any CPU
		{C6ACF2DA-98A2-4AFD-A00C-331C7BB2EF7B}.Debug|Any CPU.Build.0 = Debug|Any CPU
		{C6ACF2DA-98A2-4AFD-A00C-331C7BB2EF7B}.Release|Any CPU.ActiveCfg = Release|Any CPU
		{C6ACF2DA-98A2-4AFD-A00C-331C7BB2EF7B}.Release|Any CPU.Build.0 = Release|Any CPU
		{6D49C668-600B-48AE-8C20-C048B442FC37}.Debug|Any CPU.ActiveCfg = Debug|Any CPU
		{6D49C668-600B-48AE-8C20-C048B442FC37}.Debug|Any CPU.Build.0 = Debug|Any CPU
		{6D49C668-600B-48AE-8C20-C048B442FC37}.Release|Any CPU.ActiveCfg = Release|Any CPU
		{6D49C668-600B-48AE-8C20-C048B442FC37}.Release|Any CPU.Build.0 = Release|Any CPU
		{0CB4E1E3-493B-4E56-9CC7-2868C46AD141}.Debug|Any CPU.ActiveCfg = Debug|Any CPU
		{0CB4E1E3-493B-4E56-9CC7-2868C46AD141}.Debug|Any CPU.Build.0 = Debug|Any CPU
		{0CB4E1E3-493B-4E56-9CC7-2868C46AD141}.Release|Any CPU.ActiveCfg = Release|Any CPU
		{0CB4E1E3-493B-4E56-9CC7-2868C46AD141}.Release|Any CPU.Build.0 = Release|Any CPU
	EndGlobalSection
	GlobalSection(SolutionProperties) = preSolution
		HideSolutionNode = FALSE
	EndGlobalSection
	GlobalSection(ExtensibilityGlobals) = postSolution
		SolutionGuid = {CF3BFF17-377E-4F6A-A911-846B2494D8D8}
	EndGlobalSection
EndGlobal
